
Microsoft Visual Studio Solution File, Format Version 12.00
# Visual Studio Version 17
VisualStudioVersion = 17.10.34928.147
MinimumVisualStudioVersion = 10.0.40219.1
Project("{FAE04EC0-301F-11D3-BF4B-00C04F79EFBC}") = "StoreAPI", "StoreAPI\StoreAPI.csproj", "{02379A7F-1EBD-464A-8628-AA40F2B3151A}"
EndProject
Global
	GlobalSection(SolutionConfigurationPlatforms) = preSolution
		Debug|Any CPU = Debug|Any CPU
		Release|Any CPU = Release|Any CPU
	EndGlobalSection
	GlobalSection(ProjectConfigurationPlatforms) = postSolution
		{02379A7F-1EBD-464A-8628-AA40F2B3151A}.Debug|Any CPU.ActiveCfg = Debug|Any CPU
		{02379A7F-1EBD-464A-8628-AA40F2B3151A}.Debug|Any CPU.Build.0 = Debug|Any CPU
		{02379A7F-1EBD-464A-8628-AA40F2B3151A}.Release|Any CPU.ActiveCfg = Release|Any CPU
		{02379A7F-1EBD-464A-8628-AA40F2B3151A}.Release|Any CPU.Build.0 = Release|Any CPU
	EndGlobalSection
	GlobalSection(SolutionProperties) = preSolution
		HideSolutionNode = FALSE
	EndGlobalSection
	GlobalSection(ExtensibilityGlobals) = postSolution
		SolutionGuid = {FD56CE95-84EF-4644-A7F3-27A4DFA186D0}
	EndGlobalSection
EndGlobal
